// !$*UTF8*$!
{
	archiveVersion = 1;
	classes = {
	};
	objectVersion = 46;
	objects = {

/* Begin PBXBuildFile section */
		081EC85E19F862F400D6BF03 /* AppDelegate.swift in Sources */ = {isa = PBXBuildFile; fileRef = 081EC85D19F862F400D6BF03 /* AppDelegate.swift */; };
		081EC86119F862F400D6BF03 /* Web_Content.xcdatamodeld in Sources */ = {isa = PBXBuildFile; fileRef = 081EC85F19F862F400D6BF03 /* Web_Content.xcdatamodeld */; };
		081EC86319F862F400D6BF03 /* ViewController.swift in Sources */ = {isa = PBXBuildFile; fileRef = 081EC86219F862F400D6BF03 /* ViewController.swift */; };
		081EC86619F862F400D6BF03 /* Main.storyboard in Resources */ = {isa = PBXBuildFile; fileRef = 081EC86419F862F400D6BF03 /* Main.storyboard */; };
		081EC86819F862F400D6BF03 /* Images.xcassets in Resources */ = {isa = PBXBuildFile; fileRef = 081EC86719F862F400D6BF03 /* Images.xcassets */; };
		081EC87419F862F500D6BF03 /* Web_ContentTests.swift in Sources */ = {isa = PBXBuildFile; fileRef = 081EC87319F862F500D6BF03 /* Web_ContentTests.swift */; };
/* End PBXBuildFile section */

/* Begin PBXContainerItemProxy section */
		081EC86E19F862F500D6BF03 /* PBXContainerItemProxy */ = {
			isa = PBXContainerItemProxy;
			containerPortal = 081EC85019F862F400D6BF03 /* Project object */;
			proxyType = 1;
			remoteGlobalIDString = 081EC85719F862F400D6BF03;
			remoteInfo = "Web Content";
		};
/* End PBXContainerItemProxy section */

/* Begin PBXFileReference section */
		081EC85819F862F400D6BF03 /* Web Content.app */ = {isa = PBXFileReference; explicitFileType = wrapper.application; includeInIndex = 0; path = "Web Content.app"; sourceTree = BUILT_PRODUCTS_DIR; };
		081EC85C19F862F400D6BF03 /* Info.plist */ = {isa = PBXFileReference; lastKnownFileType = text.plist.xml; path = Info.plist; sourceTree = "<group>"; };
		081EC85D19F862F400D6BF03 /* AppDelegate.swift */ = {isa = PBXFileReference; lastKnownFileType = sourcecode.swift; path = AppDelegate.swift; sourceTree = "<group>"; };
		081EC86019F862F400D6BF03 /* Web_Content.xcdatamodel */ = {isa = PBXFileReference; lastKnownFileType = wrapper.xcdatamodel; path = Web_Content.xcdatamodel; sourceTree = "<group>"; };
		081EC86219F862F400D6BF03 /* ViewController.swift */ = {isa = PBXFileReference; lastKnownFileType = sourcecode.swift; path = ViewController.swift; sourceTree = "<group>"; };
		081EC86519F862F400D6BF03 /* Base */ = {isa = PBXFileReference; lastKnownFileType = file.storyboard; name = Base; path = Base.lproj/Main.storyboard; sourceTree = "<group>"; };
		081EC86719F862F400D6BF03 /* Images.xcassets */ = {isa = PBXFileReference; lastKnownFileType = folder.assetcatalog; path = Images.xcassets; sourceTree = "<group>"; };
		081EC86D19F862F500D6BF03 /* Web ContentTests.xctest */ = {isa = PBXFileReference; explicitFileType = wrapper.cfbundle; includeInIndex = 0; path = "Web ContentTests.xctest"; sourceTree = BUILT_PRODUCTS_DIR; };
		081EC87219F862F500D6BF03 /* Info.plist */ = {isa = PBXFileReference; lastKnownFileType = text.plist.xml; path = Info.plist; sourceTree = "<group>"; };
		081EC87319F862F500D6BF03 /* Web_ContentTests.swift */ = {isa = PBXFileReference; lastKnownFileType = sourcecode.swift; path = Web_ContentTests.swift; sourceTree = "<group>"; };
		085EC8F719F97F2200FA0A6B /* StringPlayground.playground */ = {isa = PBXFileReference; lastKnownFileType = file.playground; path = StringPlayground.playground; sourceTree = "<group>"; };
/* End PBXFileReference section */

/* Begin PBXFrameworksBuildPhase section */
		081EC85519F862F400D6BF03 /* Frameworks */ = {
			isa = PBXFrameworksBuildPhase;
			buildActionMask = 2147483647;
			files = (
			);
			runOnlyForDeploymentPostprocessing = 0;
		};
		081EC86A19F862F500D6BF03 /* Frameworks */ = {
			isa = PBXFrameworksBuildPhase;
			buildActionMask = 2147483647;
			files = (
			);
			runOnlyForDeploymentPostprocessing = 0;
		};
/* End PBXFrameworksBuildPhase section */

/* Begin PBXGroup section */
		081EC84F19F862F400D6BF03 = {
			isa = PBXGroup;
			children = (
				081EC85A19F862F400D6BF03 /* Web Content */,
				081EC87019F862F500D6BF03 /* Web ContentTests */,
				081EC85919F862F400D6BF03 /* Products */,
			);
			sourceTree = "<group>";
		};
		081EC85919F862F400D6BF03 /* Products */ = {
			isa = PBXGroup;
			children = (
				081EC85819F862F400D6BF03 /* Web Content.app */,
				081EC86D19F862F500D6BF03 /* Web ContentTests.xctest */,
			);
			name = Products;
			sourceTree = "<group>";
		};
		081EC85A19F862F400D6BF03 /* Web Content */ = {
			isa = PBXGroup;
			children = (
				081EC85D19F862F400D6BF03 /* AppDelegate.swift */,
				081EC86219F862F400D6BF03 /* ViewController.swift */,
				085EC8F719F97F2200FA0A6B /* StringPlayground.playground */,
				081EC86419F862F400D6BF03 /* Main.storyboard */,
				081EC86719F862F400D6BF03 /* Images.xcassets */,
				081EC85F19F862F400D6BF03 /* Web_Content.xcdatamodeld */,
				081EC85B19F862F400D6BF03 /* Supporting Files */,
			);
			path = "Web Content";
			sourceTree = "<group>";
		};
		081EC85B19F862F400D6BF03 /* Supporting Files */ = {
			isa = PBXGroup;
			children = (
				081EC85C19F862F400D6BF03 /* Info.plist */,
			);
			name = "Supporting Files";
			sourceTree = "<group>";
		};
		081EC87019F862F500D6BF03 /* Web ContentTests */ = {
			isa = PBXGroup;
			children = (
				081EC87319F862F500D6BF03 /* Web_ContentTests.swift */,
				081EC87119F862F500D6BF03 /* Supporting Files */,
			);
			path = "Web ContentTests";
			sourceTree = "<group>";
		};
		081EC87119F862F500D6BF03 /* Supporting Files */ = {
			isa = PBXGroup;
			children = (
				081EC87219F862F500D6BF03 /* Info.plist */,
			);
			name = "Supporting Files";
			sourceTree = "<group>";
		};
/* End PBXGroup section */

/* Begin PBXNativeTarget section */
		081EC85719F862F400D6BF03 /* Web Content */ = {
			isa = PBXNativeTarget;
			buildConfigurationList = 081EC87719F862F500D6BF03 /* Build configuration list for PBXNativeTarget "Web Content" */;
			buildPhases = (
				081EC85419F862F400D6BF03 /* Sources */,
				081EC85519F862F400D6BF03 /* Frameworks */,
				081EC85619F862F400D6BF03 /* Resources */,
			);
			buildRules = (
			);
			dependencies = (
			);
			name = "Web Content";
			productName = "Web Content";
			productReference = 081EC85819F862F400D6BF03 /* Web Content.app */;
			productType = "com.apple.product-type.application";
		};
		081EC86C19F862F500D6BF03 /* Web ContentTests */ = {
			isa = PBXNativeTarget;
			buildConfigurationList = 081EC87A19F862F500D6BF03 /* Build configuration list for PBXNativeTarget "Web ContentTests" */;
			buildPhases = (
				081EC86919F862F500D6BF03 /* Sources */,
				081EC86A19F862F500D6BF03 /* Frameworks */,
				081EC86B19F862F500D6BF03 /* Resources */,
			);
			buildRules = (
			);
			dependencies = (
				081EC86F19F862F500D6BF03 /* PBXTargetDependency */,
			);
			name = "Web ContentTests";
			productName = "Web ContentTests";
			productReference = 081EC86D19F862F500D6BF03 /* Web ContentTests.xctest */;
			productType = "com.apple.product-type.bundle.unit-test";
		};
/* End PBXNativeTarget section */

/* Begin PBXProject section */
		081EC85019F862F400D6BF03 /* Project object */ = {
			isa = PBXProject;
			attributes = {
				LastUpgradeCheck = 0600;
				ORGANIZATIONNAME = "Mat Sletten";
				TargetAttributes = {
					081EC85719F862F400D6BF03 = {
						CreatedOnToolsVersion = 6.0;
					};
					081EC86C19F862F500D6BF03 = {
						CreatedOnToolsVersion = 6.0;
						TestTargetID = 081EC85719F862F400D6BF03;
					};
				};
			};
			buildConfigurationList = 081EC85319F862F400D6BF03 /* Build configuration list for PBXProject "Web Content" */;
			compatibilityVersion = "Xcode 3.2";
			developmentRegion = English;
			hasScannedForEncodings = 0;
			knownRegions = (
				en,
				Base,
			);
			mainGroup = 081EC84F19F862F400D6BF03;
			productRefGroup = 081EC85919F862F400D6BF03 /* Products */;
			projectDirPath = "";
			projectRoot = "";
			targets = (
				081EC85719F862F400D6BF03 /* Web Content */,
				081EC86C19F862F500D6BF03 /* Web ContentTests */,
			);
		};
/* End PBXProject section */

/* Begin PBXResourcesBuildPhase section */
		081EC85619F862F400D6BF03 /* Resources */ = {
			isa = PBXResourcesBuildPhase;
			buildActionMask = 2147483647;
			files = (
				081EC86619F862F400D6BF03 /* Main.storyboard in Resources */,
				081EC86819F862F400D6BF03 /* Images.xcassets in Resources */,
			);
			runOnlyForDeploymentPostprocessing = 0;
		};
		081EC86B19F862F500D6BF03 /* Resources */ = {
			isa = PBXResourcesBuildPhase;
			buildActionMask = 2147483647;
			files = (
			);
			runOnlyForDeploymentPostprocessing = 0;
		};
/* End PBXResourcesBuildPhase section */

/* Begin PBXSourcesBuildPhase section */
		081EC85419F862F400D6BF03 /* Sources */ = {
			isa = PBXSourcesBuildPhase;
			buildActionMask = 2147483647;
			files = (
				081EC86319F862F400D6BF03 /* ViewController.swift in Sources */,
				081EC86119F862F400D6BF03 /* Web_Content.xcdatamodeld in Sources */,
				081EC85E19F862F400D6BF03 /* AppDelegate.swift in Sources */,
			);
			runOnlyForDeploymentPostprocessing = 0;
		};
		081EC86919F862F500D6BF03 /* Sources */ = {
			isa = PBXSourcesBuildPhase;
			buildActionMask = 2147483647;
			files = (
				081EC87419F862F500D6BF03 /* Web_ContentTests.swift in Sources */,
			);
			runOnlyForDeploymentPostprocessing = 0;
		};
/* End PBXSourcesBuildPhase section */

/* Begin PBXTargetDependency section */
		081EC86F19F862F500D6BF03 /* PBXTargetDependency */ = {
			isa = PBXTargetDependency;
			target = 081EC85719F862F400D6BF03 /* Web Content */;
			targetProxy = 081EC86E19F862F500D6BF03 /* PBXContainerItemProxy */;
		};
/* End PBXTargetDependency section */

/* Begin PBXVariantGroup section */
		081EC86419F862F400D6BF03 /* Main.storyboard */ = {
			isa = PBXVariantGroup;
			children = (
				081EC86519F862F400D6BF03 /* Base */,
			);
			name = Main.storyboard;
			sourceTree = "<group>";
		};
/* End PBXVariantGroup section */

/* Begin XCBuildConfiguration section */
		081EC87519F862F500D6BF03 /* Debug */ = {
			isa = XCBuildConfiguration;
			buildSettings = {
				ALWAYS_SEARCH_USER_PATHS = NO;
				CLANG_CXX_LANGUAGE_STANDARD = "gnu++0x";
				CLANG_CXX_LIBRARY = "libc++";
				CLANG_ENABLE_MODULES = YES;
				CLANG_ENABLE_OBJC_ARC = YES;
				CLANG_WARN_BOOL_CONVERSION = YES;
				CLANG_WARN_CONSTANT_CONVERSION = YES;
				CLANG_WARN_DIRECT_OBJC_ISA_USAGE = YES_ERROR;
				CLANG_WARN_EMPTY_BODY = YES;
				CLANG_WARN_ENUM_CONVERSION = YES;
				CLANG_WARN_INT_CONVERSION = YES;
				CLANG_WARN_OBJC_ROOT_CLASS = YES_ERROR;
				CLANG_WARN_UNREACHABLE_CODE = YES;
				CLANG_WARN__DUPLICATE_METHOD_MATCH = YES;
				"CODE_SIGN_IDENTITY[sdk=iphoneos*]" = "iPhone Developer";
				COPY_PHASE_STRIP = NO;
				ENABLE_STRICT_OBJC_MSGSEND = YES;
				GCC_C_LANGUAGE_STANDARD = gnu99;
				GCC_DYNAMIC_NO_PIC = NO;
				GCC_OPTIMIZATION_LEVEL = 0;
				GCC_PREPROCESSOR_DEFINITIONS = (
					"DEBUG=1",
					"$(inherited)",
				);
				GCC_SYMBOLS_PRIVATE_EXTERN = NO;
				GCC_WARN_64_TO_32_BIT_CONVERSION = YES;
				GCC_WARN_ABOUT_RETURN_TYPE = YES_ERROR;
				GCC_WARN_UNDECLARED_SELECTOR = YES;
				GCC_WARN_UNINITIALIZED_AUTOS = YES_AGGRESSIVE;
				GCC_WARN_UNUSED_FUNCTION = YES;
				GCC_WARN_UNUSED_VARIABLE = YES;
				IPHONEOS_DEPLOYMENT_TARGET = 8.0;
				MTL_ENABLE_DEBUG_INFO = YES;
				ONLY_ACTIVE_ARCH = YES;
				SDKROOT = iphoneos;
				SWIFT_OPTIMIZATION_LEVEL = "-Onone";
			};
			name = Debug;
		};
		081EC87619F862F500D6BF03 /* Release */ = {
			isa = XCBuildConfiguration;
			buildSettings = {
				ALWAYS_SEARCH_USER_PATHS = NO;
				CLANG_CXX_LANGUAGE_STANDARD = "gnu++0x";
				CLANG_CXX_LIBRARY = "libc++";
				CLANG_ENABLE_MODULES = YES;
				CLANG_ENABLE_OBJC_ARC = YES;
				CLANG_WARN_BOOL_CONVERSION = YES;
				CLANG_WARN_CONSTANT_CONVERSION = YES;
				CLANG_WARN_DIRECT_OBJC_ISA_USAGE = YES_ERROR;
				CLANG_WARN_EMPTY_BODY = YES;
				CLANG_WARN_ENUM_CONVERSION = YES;
				CLANG_WARN_INT_CONVERSION = YES;
				CLANG_WARN_OBJC_ROOT_CLASS = YES_ERROR;
				CLANG_WARN_UNREACHABLE_CODE = YES;
				CLANG_WARN__DUPLICATE_METHOD_MATCH = YES;
				"CODE_SIGN_IDENTITY[sdk=iphoneos*]" = "iPhone Developer";
				COPY_PHASE_STRIP = YES;
				ENABLE_NS_ASSERTIONS = NO;
				ENABLE_STRICT_OBJC_MSGSEND = YES;
				GCC_C_LANGUAGE_STANDARD = gnu99;
				GCC_WARN_64_TO_32_BIT_CONVERSION = YES;
				GCC_WARN_ABOUT_RETURN_TYPE = YES_ERROR;
				GCC_WARN_UNDECLARED_SELECTOR = YES;
				GCC_WARN_UNINITIALIZED_AUTOS = YES_AGGRESSIVE;
				GCC_WARN_UNUSED_FUNCTION = YES;
				GCC_WARN_UNUSED_VARIABLE = YES;
				IPHONEOS_DEPLOYMENT_TARGET = 8.0;
				MTL_ENABLE_DEBUG_INFO = NO;
				SDKROOT = iphoneos;
				VALIDATE_PRODUCT = YES;
			};
			name = Release;
		};
		081EC87819F862F500D6BF03 /* Debug */ = {
			isa = XCBuildConfiguration;
			buildSettings = {
				ASSETCATALOG_COMPILER_APPICON_NAME = AppIcon;
				ASSETCATALOG_COMPILER_LAUNCHIMAGE_NAME = LaunchImage;
				INFOPLIST_FILE = "Web Content/Info.plist";
				LD_RUNPATH_SEARCH_PATHS = "$(inherited) @executable_path/Frameworks";
				PRODUCT_NAME = "$(TARGET_NAME)";
			};
			name = Debug;
		};
		081EC87919F862F500D6BF03 /* Release */ = {
			isa = XCBuildConfiguration;
			buildSettings = {
				ASSETCATALOG_COMPILER_APPICON_NAME = AppIcon;
				ASSETCATALOG_COMPILER_LAUNCHIMAGE_NAME = LaunchImage;
				INFOPLIST_FILE = "Web Content/Info.plist";
				LD_RUNPATH_SEARCH_PATHS = "$(inherited) @executable_path/Frameworks";
				PRODUCT_NAME = "$(TARGET_NAME)";
			};
			name = Release;
		};
		081EC87B19F862F500D6BF03 /* Debug */ = {
			isa = XCBuildConfiguration;
			buildSettings = {
				BUNDLE_LOADER = "$(TEST_HOST)";
				FRAMEWORK_SEARCH_PATHS = (
					"$(SDKROOT)/Developer/Library/Frameworks",
					"$(inherited)",
				);
				GCC_PREPROCESSOR_DEFINITIONS = (
					"DEBUG=1",
					"$(inherited)",
				);
				INFOPLIST_FILE = "Web ContentTests/Info.plist";
				LD_RUNPATH_SEARCH_PATHS = "$(inherited) @executable_path/Frameworks @loader_path/Frameworks";
				PRODUCT_NAME = "$(TARGET_NAME)";
				TEST_HOST = "$(BUILT_PRODUCTS_DIR)/Web Content.app/Web Content";
			};
			name = Debug;
		};
		081EC87C19F862F500D6BF03 /* Release */ = {
			isa = XCBuildConfiguration;
			buildSettings = {
				BUNDLE_LOADER = "$(TEST_HOST)";
				FRAMEWORK_SEARCH_PATHS = (
					"$(SDKROOT)/Developer/Library/Frameworks",
					"$(inherited)",
				);
				INFOPLIST_FILE = "Web ContentTests/Info.plist";
				LD_RUNPATH_SEARCH_PATHS = "$(inherited) @executable_path/Frameworks @loader_path/Frameworks";
				PRODUCT_NAME = "$(TARGET_NAME)";
				TEST_HOST = "$(BUILT_PRODUCTS_DIR)/Web Content.app/Web Content";
			};
			name = Release;
		};
/* End XCBuildConfiguration section */

/* Begin XCConfigurationList section */
		081EC85319F862F400D6BF03 /* Build configuration list for PBXProject "Web Content" */ = {
			isa = XCConfigurationList;
			buildConfigurations = (
				081EC87519F862F500D6BF03 /* Debug */,
				081EC87619F862F500D6BF03 /* Release */,
			);
			defaultConfigurationIsVisible = 0;
			defaultConfigurationName = Release;
		};
		081EC87719F862F500D6BF03 /* Build configuration list for PBXNativeTarget "Web Content" */ = {
			isa = XCConfigurationList;
			buildConfigurations = (
				081EC87819F862F500D6BF03 /* Debug */,
				081EC87919F862F500D6BF03 /* Release */,
			);
			defaultConfigurationIsVisible = 0;
			defaultConfigurationName = Release;
		};
		081EC87A19F862F500D6BF03 /* Build configuration list for PBXNativeTarget "Web ContentTests" */ = {
			isa = XCConfigurationList;
			buildConfigurations = (
				081EC87B19F862F500D6BF03 /* Debug */,
				081EC87C19F862F500D6BF03 /* Release */,
			);
			defaultConfigurationIsVisible = 0;
			defaultConfigurationName = Release;
		};
/* End XCConfigurationList section */

/* Begin XCVersionGroup section */
		081EC85F19F862F400D6BF03 /* Web_Content.xcdatamodeld */ = {
			isa = XCVersionGroup;
			children = (
				081EC86019F862F400D6BF03 /* Web_Content.xcdatamodel */,
			);
			currentVersion = 081EC86019F862F400D6BF03 /* Web_Content.xcdatamodel */;
			path = Web_Content.xcdatamodeld;
			sourceTree = "<group>";
			versionGroupType = wrapper.xcdatamodel;
		};
/* End XCVersionGroup section */
	};
	rootObject = 081EC85019F862F400D6BF03 /* Project object */;
}
